{
  "name": "permission",
  "version": "1.0.0",
  "lockfileVersion": 1,
  "requires": true,
  "dependencies": {
    "@hapi/accept": {
      "version": "3.2.3",
      "resolved": "https://registry.npmjs.org/@hapi/accept/-/accept-3.2.3.tgz",
      "integrity": "sha512-qEzsOJkCAJZxwj3iF83bSG9Lxy8Bpbrt8mRLNdvSALT6vlU2cYh6ZEHKEZPy4h/Mo31Su3j0rJgFF91+W1RWDQ==",
      "requires": {
        "@hapi/boom": "7.x.x",
        "@hapi/hoek": "8.x.x"
      }
    },
    "@hapi/address": {
      "version": "2.0.0",
      "resolved": "https://registry.npmjs.org/@hapi/address/-/address-2.0.0.tgz",
      "integrity": "sha512-mV6T0IYqb0xL1UALPFplXYQmR0twnXG0M6jUswpquqT2sD12BOiCiLy3EvMp/Fy7s3DZElC4/aPjEjo2jeZpvw=="
    },
    "@hapi/ammo": {
      "version": "3.1.1",
      "resolved": "https://registry.npmjs.org/@hapi/ammo/-/ammo-3.1.1.tgz",
      "integrity": "sha512-NYFK27VSPGyQ/KmOQedpQH4PSjE7awLntepX68vrYtRvuJO21W1kX0bK2p3C+6ltUwtCQSvmNT8a4uMVAysC6Q==",
      "requires": {
        "@hapi/hoek": "8.x.x"
      }
    },
    "@hapi/b64": {
      "version": "4.2.1",
      "resolved": "https://registry.npmjs.org/@hapi/b64/-/b64-4.2.1.tgz",
      "integrity": "sha512-zqHpQuH5CBMw6hADzKfU/IGNrxq1Q+/wTYV+OiZRQN9F3tMyk+9BUMeBvFRMamduuqL8iSp62QAnJ+7ATiYLWA==",
      "requires": {
        "@hapi/hoek": "8.x.x"
      }
    },
    "@hapi/boom": {
      "version": "7.4.3",
      "resolved": "https://registry.npmjs.org/@hapi/boom/-/boom-7.4.3.tgz",
      "integrity": "sha512-3di+R+BcGS7HKy67Zi6mIga8orf67GdR0ubDEVBG1oqz3y9B70LewsuCMCSvWWLKlI6V1+266zqhYzjMrPGvZw==",
      "requires": {
        "@hapi/hoek": "8.x.x"
      }
    },
    "@hapi/bounce": {
      "version": "1.3.1",
      "resolved": "https://registry.npmjs.org/@hapi/bounce/-/bounce-1.3.1.tgz",
      "integrity": "sha512-/ecFQTRBom2MEbjMHvKKE6FZ/e1gYK72CeUIFzz++dKK1kYJ0KbRJ72mXroWoTT2hIv+8H0ua/eOkO0+hRdHcw==",
      "requires": {
        "@hapi/boom": "7.x.x",
        "@hapi/hoek": "8.x.x"
      }
    },
    "@hapi/bourne": {
      "version": "1.3.2",
      "resolved": "https://registry.npmjs.org/@hapi/bourne/-/bourne-1.3.2.tgz",
      "integrity": "sha512-1dVNHT76Uu5N3eJNTYcvxee+jzX4Z9lfciqRRHCU27ihbUcYi+iSc2iml5Ke1LXe1SyJCLA0+14Jh4tXJgOppA=="
    },
    "@hapi/call": {
      "version": "5.1.1",
      "resolved": "https://registry.npmjs.org/@hapi/call/-/call-5.1.1.tgz",
      "integrity": "sha512-M6fC+9+K/ZB4hIdVQ8i0kc/6J5PWlW3PEWYKAAZpw0sk+28LiRTSF8BjOWwmiIjZWWs42AnEIiFJA0YrvcDnlw==",
      "requires": {
        "@hapi/boom": "7.x.x",
        "@hapi/hoek": "8.x.x"
      }
    },
    "@hapi/catbox": {
      "version": "10.2.2",
      "resolved": "https://registry.npmjs.org/@hapi/catbox/-/catbox-10.2.2.tgz",
      "integrity": "sha512-a4KejaKqDOMdwo/PIYoAaObVMmkfkG3RS85kPqNTTURjWnIV1+rrZ938f6RCz5EbrroKbuNC0bcvAt7lAD5LNg==",
      "requires": {
        "@hapi/boom": "7.x.x",
        "@hapi/hoek": "8.x.x",
        "@hapi/joi": "15.x.x",
        "@hapi/podium": "3.x.x"
      }
    },
    "@hapi/catbox-memory": {
      "version": "4.1.1",
      "resolved": "https://registry.npmjs.org/@hapi/catbox-memory/-/catbox-memory-4.1.1.tgz",
      "integrity": "sha512-T6Hdy8DExzG0jY7C8yYWZB4XHfc0v+p1EGkwxl2HoaPYAmW7I3E59M/IvmSVpis8RPcIoBp41ZpO2aZPBpM2Ww==",
      "requires": {
        "@hapi/boom": "7.x.x",
        "@hapi/hoek": "8.x.x"
      }
    },
    "@hapi/content": {
      "version": "4.1.0",
      "resolved": "https://registry.npmjs.org/@hapi/content/-/content-4.1.0.tgz",
      "integrity": "sha512-hv2Czsl49hnWDEfRZOFow/BmYbKyfEknmk3k83gOp6moFn5ceHB4xVcna8OwsGfy8dxO81lhpPy+JgQEaU4SWw==",
      "requires": {
        "@hapi/boom": "7.x.x"
      }
    },
    "@hapi/cryptiles": {
      "version": "4.2.0",
      "resolved": "https://registry.npmjs.org/@hapi/cryptiles/-/cryptiles-4.2.0.tgz",
      "integrity": "sha512-P+ioMP1JGhwDOKPRuQls6sT/ln6Fk+Ks6d90mlBi6HcOu5itvdUiFv5Ynq2DvLadPDWaA43lwNxkfZrjE9s2MA==",
      "requires": {
        "@hapi/boom": "7.x.x"
      }
    },
    "@hapi/file": {
      "version": "1.0.0",
      "resolved": "https://registry.npmjs.org/@hapi/file/-/file-1.0.0.tgz",
      "integrity": "sha512-Bsfp/+1Gyf70eGtnIgmScvrH8sSypO3TcK3Zf0QdHnzn/ACnAkI6KLtGACmNRPEzzIy+W7aJX5E+1fc9GwIABQ=="
    },
    "@hapi/hapi": {
      "version": "18.3.2",
      "resolved": "https://registry.npmjs.org/@hapi/hapi/-/hapi-18.3.2.tgz",
      "integrity": "sha512-UJogSyMPe4VFfzjQW5v2ixLvTLZLSfPs1XV/DRnAl2znzsGCaNJI+tgNxjM9lszOjEEkMfxLgoXZadk9exnIxw==",
      "requires": {
        "@hapi/accept": "3.x.x",
        "@hapi/ammo": "3.x.x",
        "@hapi/boom": "7.x.x",
        "@hapi/bounce": "1.x.x",
        "@hapi/call": "5.x.x",
        "@hapi/catbox": "10.x.x",
        "@hapi/catbox-memory": "4.x.x",
        "@hapi/heavy": "6.x.x",
        "@hapi/hoek": "8.x.x",
        "@hapi/joi": "15.x.x",
        "@hapi/mimos": "4.x.x",
        "@hapi/podium": "3.x.x",
        "@hapi/shot": "4.x.x",
        "@hapi/somever": "2.x.x",
        "@hapi/statehood": "6.x.x",
        "@hapi/subtext": "6.x.x",
        "@hapi/teamwork": "3.x.x",
        "@hapi/topo": "3.x.x"
      }
    },
    "@hapi/heavy": {
      "version": "6.2.1",
      "resolved": "https://registry.npmjs.org/@hapi/heavy/-/heavy-6.2.1.tgz",
      "integrity": "sha512-uaEyC4AtGCGKt/LLBbdDQxJP1bFAbxiot6n/fwa4kyo6w8ULpXXCh8FxLlJ5mC06lqbAxQv45JyozIB6P4Dsig==",
      "requires": {
        "@hapi/boom": "7.x.x",
        "@hapi/hoek": "8.x.x",
        "@hapi/joi": "15.x.x"
      }
    },
    "@hapi/hoek": {
      "version": "8.2.1",
      "resolved": "https://registry.npmjs.org/@hapi/hoek/-/hoek-8.2.1.tgz",
      "integrity": "sha512-JPiBy+oSmsq3St7XlipfN5pNA6bDJ1kpa73PrK/zR29CVClDVqy04AanM/M/qx5bSF+I61DdCfAvRrujau+zRg=="
    },
    "@hapi/iron": {
      "version": "5.1.1",
      "resolved": "https://registry.npmjs.org/@hapi/iron/-/iron-5.1.1.tgz",
      "integrity": "sha512-QYfm6nofZ19pIxm8LR0lsANBabrdxqe0vUYKKI+0w9VdCetoove+dxfbLfduVDM72kh/RNOQG6E5/xyI826PcA==",
      "requires": {
        "@hapi/b64": "4.x.x",
        "@hapi/boom": "7.x.x",
        "@hapi/cryptiles": "4.x.x",
        "@hapi/hoek": "8.x.x"
      }
    },
    "@hapi/joi": {
      "version": "15.1.1",
      "resolved": "https://registry.npmjs.org/@hapi/joi/-/joi-15.1.1.tgz",
      "integrity": "sha512-entf8ZMOK8sc+8YfeOlM8pCfg3b5+WZIKBfUaaJT8UsjAAPjartzxIYm3TIbjvA4u+u++KbcXD38k682nVHDAQ==",
      "requires": {
        "@hapi/address": "2.x.x",
        "@hapi/bourne": "1.x.x",
        "@hapi/hoek": "8.x.x",
        "@hapi/topo": "3.x.x"
      }
    },
    "@hapi/mimos": {
      "version": "4.1.1",
      "resolved": "https://registry.npmjs.org/@hapi/mimos/-/mimos-4.1.1.tgz",
      "integrity": "sha512-CXoi/zfcTWfKYX756eEea8rXJRIb9sR4d7VwyAH9d3BkDyNgAesZxvqIdm55npQc6S9mU3FExinMAQVlIkz0eA==",
      "requires": {
        "@hapi/hoek": "8.x.x",
        "mime-db": "1.x.x"
      }
    },
    "@hapi/nigel": {
      "version": "3.1.1",
      "resolved": "https://registry.npmjs.org/@hapi/nigel/-/nigel-3.1.1.tgz",
      "integrity": "sha512-R9YWx4S8yu0gcCBrMUDCiEFm1SQT895dMlYoeNBp8I6YhF1BFF1iYPueKA2Kkp9BvyHdjmvrxCOns7GMmpl+Fw==",
      "requires": {
        "@hapi/hoek": "8.x.x",
        "@hapi/vise": "3.x.x"
      }
    },
    "@hapi/pez": {
      "version": "4.1.1",
      "resolved": "https://registry.npmjs.org/@hapi/pez/-/pez-4.1.1.tgz",
      "integrity": "sha512-TUa2C7Xk6J69HWrm+Ad+O6dFvdVAG0BiFUYaRsmkdWjFIfwHBCaOI1dWT/juNukSb39Lj6/mDVyjN+H4nKB3xg==",
      "requires": {
        "@hapi/b64": "4.x.x",
        "@hapi/boom": "7.x.x",
        "@hapi/content": "4.x.x",
        "@hapi/hoek": "8.x.x",
        "@hapi/nigel": "3.x.x"
      }
    },
    "@hapi/podium": {
      "version": "3.4.1",
      "resolved": "https://registry.npmjs.org/@hapi/podium/-/podium-3.4.1.tgz",
      "integrity": "sha512-WbwYr5nK+GIrCdgEbN8R7Mh7z+j9AgntOLQ/YQdeLtBp+uScVmW9FoycKdNS5uweO74xwICr28Ob0DU74a2zmg==",
      "requires": {
        "@hapi/hoek": "8.x.x",
        "@hapi/joi": "15.x.x"
      }
    },
    "@hapi/shot": {
      "version": "4.1.1",
      "resolved": "https://registry.npmjs.org/@hapi/shot/-/shot-4.1.1.tgz",
      "integrity": "sha512-TrsqCyaq24XcdvD0bSi26hjwyQQy5q/nzpasbPNgPLoGnxW3sCWE7ws3ba6dd6Atb8TEh9QBD7mBQDCrMMz2Ig==",
      "requires": {
        "@hapi/hoek": "8.x.x",
        "@hapi/joi": "15.x.x"
      }
    },
    "@hapi/somever": {
      "version": "2.1.1",
      "resolved": "https://registry.npmjs.org/@hapi/somever/-/somever-2.1.1.tgz",
      "integrity": "sha512-cic5Sto4KGd9B0oQSdKTokju+rYhCbdpzbMb0EBnrH5Oc1z048hY8PaZ1lx2vBD7I/XIfTQVQetBH57fU51XRA==",
      "requires": {
        "@hapi/bounce": "1.x.x",
        "@hapi/hoek": "8.x.x"
      }
    },
    "@hapi/statehood": {
      "version": "6.1.1",
      "resolved": "https://registry.npmjs.org/@hapi/statehood/-/statehood-6.1.1.tgz",
      "integrity": "sha512-tMfS6B8QdrqTaKRUhHv6Ur7oPK6kcEZcnnvBK4IuaPZA9ma5UsyprTXkzbiB0V+0E56dMg3RabO1SABeZkzy6g==",
      "requires": {
        "@hapi/boom": "7.x.x",
        "@hapi/bounce": "1.x.x",
        "@hapi/bourne": "1.x.x",
        "@hapi/cryptiles": "4.x.x",
        "@hapi/hoek": "8.x.x",
        "@hapi/iron": "5.x.x",
        "@hapi/joi": "15.x.x"
      }
    },
    "@hapi/subtext": {
      "version": "6.1.1",
      "resolved": "https://registry.npmjs.org/@hapi/subtext/-/subtext-6.1.1.tgz",
      "integrity": "sha512-Y7NjKFRPwlzKRw5IdwRou42hR4IBQZolT+/DlvfSr/CBjGyu38n5+9LKfNKzqB/0AVEk+xynCijsx1o1UVWX8A==",
      "requires": {
        "@hapi/boom": "7.x.x",
        "@hapi/bourne": "1.x.x",
        "@hapi/content": "4.x.x",
        "@hapi/file": "1.x.x",
        "@hapi/hoek": "8.x.x",
        "@hapi/pez": "4.x.x",
        "@hapi/wreck": "15.x.x"
      }
    },
    "@hapi/teamwork": {
      "version": "3.3.1",
      "resolved": "https://registry.npmjs.org/@hapi/teamwork/-/teamwork-3.3.1.tgz",
      "integrity": "sha512-61tiqWCYvMKP7fCTXy0M4VE6uNIwA0qvgFoiDubgfj7uqJ0fdHJFQNnVPGrxhLWlwz0uBPWrQlBH7r8y9vFITQ=="
    },
    "@hapi/topo": {
      "version": "3.1.3",
      "resolved": "https://registry.npmjs.org/@hapi/topo/-/topo-3.1.3.tgz",
      "integrity": "sha512-JmS9/vQK6dcUYn7wc2YZTqzIKubAQcJKu2KCKAru6es482U5RT5fP1EXCPtlXpiK7PR0On/kpQKI4fRKkzpZBQ==",
      "requires": {
        "@hapi/hoek": "8.x.x"
      }
    },
    "@hapi/vise": {
      "version": "3.1.1",
      "resolved": "https://registry.npmjs.org/@hapi/vise/-/vise-3.1.1.tgz",
      "integrity": "sha512-OXarbiCSadvtg+bSdVPqu31Z1JoBL+FwNYz3cYoBKQ5xq1/Cr4A3IkGpAZbAuxU5y4NL5pZFZG3d2a3ZGm/dOQ==",
      "requires": {
        "@hapi/hoek": "8.x.x"
      }
    },
    "@hapi/wreck": {
      "version": "15.0.2",
      "resolved": "https://registry.npmjs.org/@hapi/wreck/-/wreck-15.0.2.tgz",
      "integrity": "sha512-D/7sGmx3XxxkaMWHZDKTMai8rIEfIgE+DnoZeKfmxhKGgvIpMu1f8BBmLADbdniccGer79w74IWWdXleNrT1Rw==",
      "requires": {
        "@hapi/boom": "7.x.x",
        "@hapi/bourne": "1.x.x",
        "@hapi/hoek": "8.x.x"
      }
    },
    "balanced-match": {
      "version": "1.0.0",
      "resolved": "https://registry.npmjs.org/balanced-match/-/balanced-match-1.0.0.tgz",
      "integrity": "sha1-ibTRmasr7kneFk6gK4nORi1xt2c="
    },
    "brace-expansion": {
      "version": "1.1.11",
      "resolved": "https://registry.npmjs.org/brace-expansion/-/brace-expansion-1.1.11.tgz",
      "integrity": "sha512-iCuPHDFgrHX7H2vEI/5xpz07zSHB00TpugqhmYtVmMO6518mCuRMoOYFldEBl0g187ufozdaHgWKcYFb61qGiA==",
      "requires": {
        "balanced-match": "^1.0.0",
        "concat-map": "0.0.1"
      }
    },
    "concat-map": {
      "version": "0.0.1",
      "resolved": "https://registry.npmjs.org/concat-map/-/concat-map-0.0.1.tgz",
      "integrity": "sha1-2Klr13/Wjfd5OnMDajug1UBdR3s="
    },
    "core-util-is": {
      "version": "1.0.2",
      "resolved": "https://registry.npmjs.org/core-util-is/-/core-util-is-1.0.2.tgz",
      "integrity": "sha1-tf1UIgqivFq1eqtxQMlAdUUDwac="
    },
    "duplexify": {
      "version": "3.7.1",
      "resolved": "https://registry.npmjs.org/duplexify/-/duplexify-3.7.1.tgz",
      "integrity": "sha512-07z8uv2wMyS51kKhD1KsdXJg5WQ6t93RneqRxUHnskXVtlYYkLqM0gqStQZ3pj073g687jPCHrqNfCzawLYh5g==",
      "requires": {
        "end-of-stream": "^1.0.0",
        "inherits": "^2.0.1",
        "readable-stream": "^2.0.0",
        "stream-shift": "^1.0.0"
      }
    },
    "end-of-stream": {
      "version": "1.4.1",
      "resolved": "https://registry.npmjs.org/end-of-stream/-/end-of-stream-1.4.1.tgz",
      "integrity": "sha512-1MkrZNvWTKCaigbn+W15elq2BB/L22nqrSY5DKlo3X6+vclJm8Bb5djXJBmEX6fS3+zCh/F4VBK5Z2KxJt4s2Q==",
      "requires": {
        "once": "^1.4.0"
      }
    },
    "fast-safe-stringify": {
      "version": "2.0.6",
      "resolved": "https://registry.npmjs.org/fast-safe-stringify/-/fast-safe-stringify-2.0.6.tgz",
      "integrity": "sha512-q8BZ89jjc+mz08rSxROs8VsrBBcn1SIw1kq9NjolL509tkABRk9io01RAjSaEv1Xb2uFLt8VtRiZbGp5H8iDtg=="
    },
    "fs-extra": {
      "version": "0.26.7",
      "resolved": "https://registry.npmjs.org/fs-extra/-/fs-extra-0.26.7.tgz",
      "integrity": "sha1-muH92UiXeY7at20JGM9C0MMYT6k=",
      "requires": {
        "graceful-fs": "^4.1.2",
        "jsonfile": "^2.1.0",
        "klaw": "^1.0.0",
        "path-is-absolute": "^1.0.0",
        "rimraf": "^2.2.8"
      }
    },
    "fs.realpath": {
      "version": "1.0.0",
      "resolved": "https://registry.npmjs.org/fs.realpath/-/fs.realpath-1.0.0.tgz",
      "integrity": "sha1-FQStJSMVjKpA20onh8sBQRmU6k8="
    },
    "glob": {
      "version": "7.1.4",
      "resolved": "https://registry.npmjs.org/glob/-/glob-7.1.4.tgz",
      "integrity": "sha512-hkLPepehmnKk41pUGm3sYxoFs/umurYfYJCerbXEyFIWcAzvpipAgVkBqqT9RBKMGjnq6kMuyYwha6csxbiM1A==",
      "requires": {
        "fs.realpath": "^1.0.0",
        "inflight": "^1.0.4",
        "inherits": "2",
        "minimatch": "^3.0.4",
        "once": "^1.3.0",
        "path-is-absolute": "^1.0.0"
      }
    },
    "good": {
      "version": "8.1.2",
      "resolved": "https://registry.npmjs.org/good/-/good-8.1.2.tgz",
      "integrity": "sha512-yQ/OE+b8pY+Uc79zrv7PpzWSORI+scyeItIgkOx6PhYKkdnwhtXPGCOhZVv5rbcuVrLeh73HcjkwcOQbYMTJkw==",
      "requires": {
        "hoek": "6.x.x",
        "joi": "14.x.x",
        "oppsy": "2.x.x",
        "pumpify": "1.3.x"
      },
      "dependencies": {
        "hoek": {
          "version": "6.1.3",
          "resolved": "https://registry.npmjs.org/hoek/-/hoek-6.1.3.tgz",
          "integrity": "sha512-YXXAAhmF9zpQbC7LEcREFtXfGq5K1fmd+4PHkBq8NUqmzW3G+Dq10bI/i0KucLRwss3YYFQ0fSfoxBZYiGUqtQ=="
        }
      }
    },
    "good-file": {
      "version": "6.0.1",
      "resolved": "https://registry.npmjs.org/good-file/-/good-file-6.0.1.tgz",
      "integrity": "sha1-pCYNIjJYXVLzBUdWst3ifeQml8s=",
      "requires": {
        "fs-extra": "0.26.7"
      }
    },
    "good-squeeze": {
      "version": "5.1.0",
      "resolved": "https://registry.npmjs.org/good-squeeze/-/good-squeeze-5.1.0.tgz",
      "integrity": "sha1-Jl8+i+YIGqRMVdSE0a83XhZnUrk=",
      "requires": {
        "fast-safe-stringify": "2.0.x",
        "hoek": "4.2.x"
      }
    },
    "graceful-fs": {
      "version": "4.2.2",
      "resolved": "https://registry.npmjs.org/graceful-fs/-/graceful-fs-4.2.2.tgz",
      "integrity": "sha512-IItsdsea19BoLC7ELy13q1iJFNmd7ofZH5+X/pJr90/nRoPEX0DJo1dHDbgtYWOhJhcCgMDTOw84RZ72q6lB+Q=="
    },
    "hoek": {
      "version": "4.2.1",
      "resolved": "https://registry.npmjs.org/hoek/-/hoek-4.2.1.tgz",
      "integrity": "sha512-QLg82fGkfnJ/4iy1xZ81/9SIJiq1NGFUMGs6ParyjBZr6jW2Ufj/snDqTHixNlHdPNwN2RLVD0Pi3igeK9+JfA=="
    },
    "inflight": {
      "version": "1.0.6",
      "resolved": "https://registry.npmjs.org/inflight/-/inflight-1.0.6.tgz",
      "integrity": "sha1-Sb1jMdfQLQwJvJEKEHW6gWW1bfk=",
      "requires": {
        "once": "^1.3.0",
        "wrappy": "1"
      }
    },
    "inherits": {
      "version": "2.0.4",
      "resolved": "https://registry.npmjs.org/inherits/-/inherits-2.0.4.tgz",
      "integrity": "sha512-k/vGaX4/Yla3WzyMCvTQOXYeIHvqOKtnqBduzTHpzpQZzAskKMhZ2K+EnBiSM9zGSoIFeMpXKxa4dYeZIQqewQ=="
    },
    "isarray": {
      "version": "1.0.0",
      "resolved": "https://registry.npmjs.org/isarray/-/isarray-1.0.0.tgz",
      "integrity": "sha1-u5NdSFgsuhaMBoNJV6VKPgcSTxE="
    },
    "isemail": {
      "version": "3.2.0",
      "resolved": "https://registry.npmjs.org/isemail/-/isemail-3.2.0.tgz",
      "integrity": "sha512-zKqkK+O+dGqevc93KNsbZ/TqTUFd46MwWjYOoMrjIMZ51eU7DtQG3Wmd9SQQT7i7RVnuTPEiYEWHU3MSbxC1Tg==",
      "requires": {
        "punycode": "2.x.x"
      }
    },
    "joi": {
      "version": "14.3.1",
      "resolved": "https://registry.npmjs.org/joi/-/joi-14.3.1.tgz",
      "integrity": "sha512-LQDdM+pkOrpAn4Lp+neNIFV3axv1Vna3j38bisbQhETPMANYRbFJFUyOZcOClYvM/hppMhGWuKSFEK9vjrB+bQ==",
      "requires": {
        "hoek": "6.x.x",
        "isemail": "3.x.x",
        "topo": "3.x.x"
      },
      "dependencies": {
        "hoek": {
          "version": "6.1.3",
          "resolved": "https://registry.npmjs.org/hoek/-/hoek-6.1.3.tgz",
          "integrity": "sha512-YXXAAhmF9zpQbC7LEcREFtXfGq5K1fmd+4PHkBq8NUqmzW3G+Dq10bI/i0KucLRwss3YYFQ0fSfoxBZYiGUqtQ=="
        }
      }
    },
    "jsonfile": {
      "version": "2.4.0",
      "resolved": "https://registry.npmjs.org/jsonfile/-/jsonfile-2.4.0.tgz",
      "integrity": "sha1-NzaitCi4e72gzIO1P6PWM6NcKug=",
      "requires": {
        "graceful-fs": "^4.1.6"
      }
    },
    "klaw": {
      "version": "1.3.1",
      "resolved": "https://registry.npmjs.org/klaw/-/klaw-1.3.1.tgz",
      "integrity": "sha1-QIhDO0azsbolnXh4XY6W9zugJDk=",
      "requires": {
        "graceful-fs": "^4.1.9"
      }
    },
    "mime-db": {
      "version": "1.40.0",
      "resolved": "https://registry.npmjs.org/mime-db/-/mime-db-1.40.0.tgz",
      "integrity": "sha512-jYdeOMPy9vnxEqFRRo6ZvTZ8d9oPb+k18PKoYNYUe2stVEBPPwsln/qWzdbmaIvnhZ9v2P+CuecK+fpUfsV2mA=="
    },
    "minimatch": {
      "version": "3.0.4",
      "resolved": "https://registry.npmjs.org/minimatch/-/minimatch-3.0.4.tgz",
      "integrity": "sha512-yJHVQEhyqPLUTgt9B83PXu6W3rx4MvvHvSUvToogpwoGDOUQ+yDrR0HRot+yOCdCO7u4hX3pWft6kWBBcqh0UA==",
      "requires": {
        "brace-expansion": "^1.1.7"
      }
    },
    "once": {
      "version": "1.4.0",
      "resolved": "https://registry.npmjs.org/once/-/once-1.4.0.tgz",
      "integrity": "sha1-WDsap3WWHUsROsF9nFC6753Xa9E=",
      "requires": {
        "wrappy": "1"
      }
    },
    "oppsy": {
      "version": "2.0.1",
      "resolved": "https://registry.npmjs.org/oppsy/-/oppsy-2.0.1.tgz",
      "integrity": "sha512-6cIrRlZiQE4q+PadDP08N6RLQgQr2KmAbDvRFET3aL5A4bZnecNmSxa9ENe+TAE29XRX+KgaxaqC+B2+Lc51Yw==",
      "requires": {
        "hoek": "6.x.x"
      },
      "dependencies": {
        "hoek": {
          "version": "6.1.3",
          "resolved": "https://registry.npmjs.org/hoek/-/hoek-6.1.3.tgz",
          "integrity": "sha512-YXXAAhmF9zpQbC7LEcREFtXfGq5K1fmd+4PHkBq8NUqmzW3G+Dq10bI/i0KucLRwss3YYFQ0fSfoxBZYiGUqtQ=="
        }
      }
    },
    "path-is-absolute": {
      "version": "1.0.1",
      "resolved": "https://registry.npmjs.org/path-is-absolute/-/path-is-absolute-1.0.1.tgz",
      "integrity": "sha1-F0uSaHNVNP+8es5r9TpanhtcX18="
    },
    "process-nextick-args": {
      "version": "2.0.1",
      "resolved": "https://registry.npmjs.org/process-nextick-args/-/process-nextick-args-2.0.1.tgz",
      "integrity": "sha512-3ouUOpQhtgrbOa17J7+uxOTpITYWaGP7/AhoR3+A+/1e9skrzelGi/dXzEYyvbxubEF6Wn2ypscTKiKJFFn1ag=="
    },
    "pump": {
      "version": "2.0.1",
      "resolved": "https://registry.npmjs.org/pump/-/pump-2.0.1.tgz",
      "integrity": "sha512-ruPMNRkN3MHP1cWJc9OWr+T/xDP0jhXYCLfJcBuX54hhfIBnaQmAUMfDcG4DM5UMWByBbJY69QSphm3jtDKIkA==",
      "requires": {
        "end-of-stream": "^1.1.0",
        "once": "^1.3.1"
      }
    },
    "pumpify": {
      "version": "1.3.6",
      "resolved": "https://registry.npmjs.org/pumpify/-/pumpify-1.3.6.tgz",
      "integrity": "sha512-BurGAcvezsINL5US9T9wGHHcLNrG6MCp//ECtxron3vcR+Rfx5Anqq7HbZXNJvFQli8FGVsWCAvywEJFV5Hx/Q==",
      "requires": {
        "duplexify": "^3.5.3",
        "inherits": "^2.0.3",
        "pump": "^2.0.0"
      }
    },
    "punycode": {
      "version": "2.1.1",
      "resolved": "https://registry.npmjs.org/punycode/-/punycode-2.1.1.tgz",
      "integrity": "sha512-XRsRjdf+j5ml+y/6GKHPZbrF/8p2Yga0JPtdqTIY2Xe5ohJPD9saDJJLPvp9+NSBprVvevdXZybnj2cv8OEd0A=="
    },
    "readable-stream": {
      "version": "2.3.6",
      "resolved": "https://registry.npmjs.org/readable-stream/-/readable-stream-2.3.6.tgz",
      "integrity": "sha512-tQtKA9WIAhBF3+VLAseyMqZeBjW0AHJoxOtYqSUZNJxauErmLbVm2FW1y+J/YA9dUrAC39ITejlZWhVIwawkKw==",
      "requires": {
        "core-util-is": "~1.0.0",
        "inherits": "~2.0.3",
        "isarray": "~1.0.0",
        "process-nextick-args": "~2.0.0",
        "safe-buffer": "~5.1.1",
        "string_decoder": "~1.1.1",
        "util-deprecate": "~1.0.1"
      }
    },
    "rimraf": {
      "version": "2.7.1",
      "resolved": "https://registry.npmjs.org/rimraf/-/rimraf-2.7.1.tgz",
      "integrity": "sha512-uWjbaKIK3T1OSVptzX7Nl6PvQ3qAGtKEtVRjRuazjfL3Bx5eI409VZSqgND+4UNnmzLVdPj9FqFJNPqBZFve4w==",
      "requires": {
        "glob": "^7.1.3"
      }
    },
    "safe-buffer": {
      "version": "5.1.2",
      "resolved": "https://registry.npmjs.org/safe-buffer/-/safe-buffer-5.1.2.tgz",
      "integrity": "sha512-Gd2UZBJDkXlY7GbJxfsE8/nvKkUEU1G38c1siN6QP6a9PT9MmHB8GnpscSmMJSoF8LOIrt8ud/wPtojys4G6+g=="
    },
    "stream-shift": {
      "version": "1.0.0",
      "resolved": "https://registry.npmjs.org/stream-shift/-/stream-shift-1.0.0.tgz",
      "integrity": "sha1-1cdSgl5TZ+eG944Y5EXqIjoVWVI="
    },
    "string_decoder": {
      "version": "1.1.1",
      "resolved": "https://registry.npmjs.org/string_decoder/-/string_decoder-1.1.1.tgz",
      "integrity": "sha512-n/ShnvDi6FHbbVfviro+WojiFzv+s8MPMHBczVePfUpDJLwoLT0ht1l4YwBCbi8pJAveEEdnkHyPyTP/mzRfwg==",
      "requires": {
        "safe-buffer": "~5.1.0"
      }
    },
    "topo": {
      "version": "3.0.3",
      "resolved": "https://registry.npmjs.org/topo/-/topo-3.0.3.tgz",
      "integrity": "sha512-IgpPtvD4kjrJ7CRA3ov2FhWQADwv+Tdqbsf1ZnPUSAtCJ9e1Z44MmoSGDXGk4IppoZA7jd/QRkNddlLJWlUZsQ==",
      "requires": {
        "hoek": "6.x.x"
      },
      "dependencies": {
        "hoek": {
          "version": "6.1.3",
          "resolved": "https://registry.npmjs.org/hoek/-/hoek-6.1.3.tgz",
          "integrity": "sha512-YXXAAhmF9zpQbC7LEcREFtXfGq5K1fmd+4PHkBq8NUqmzW3G+Dq10bI/i0KucLRwss3YYFQ0fSfoxBZYiGUqtQ=="
        }
      }
    },
    "util-deprecate": {
      "version": "1.0.2",
      "resolved": "https://registry.npmjs.org/util-deprecate/-/util-deprecate-1.0.2.tgz",
      "integrity": "sha1-RQ1Nyfpw3nMnYvvS1KKJgUGaDM8="
    },
    "wrappy": {
      "version": "1.0.2",
      "resolved": "https://registry.npmjs.org/wrappy/-/wrappy-1.0.2.tgz",
      "integrity": "sha1-tSQ9jz7BqjXxNkYFvA0QNuMKtp8="
    }
  }
}
